
Microsoft Visual Studio Solution File, Format Version 12.00
# Visual Studio Version 16
VisualStudioVersion = 16.0.31729.503
MinimumVisualStudioVersion = 10.0.40219.1
Project("{9A19103F-16F7-4668-BE54-9A1E7A4F7556}") = "BancoAPI", "BancoAPI.csproj", "{2D0458D3-F746-4AD2-8590-7F69142D8BB7}"
EndProject
Project("{9A19103F-16F7-4668-BE54-9A1E7A4F7556}") = "BancoBackend", "..\BancoBackend\BancoBackend.csproj", "{2BCE2CC6-7734-4047-BC3A-291A12F9DF19}"
EndProject
Project("{9A19103F-16F7-4668-BE54-9A1E7A4F7556}") = "BancoFront", "..\BancoFront\BancoFront.csproj", "{94738F83-3FC1-481E-8C17-C2FEAA0E8EC0}"
EndProject
Project("{FAE04EC0-301F-11D3-BF4B-00C04F79EFBC}") = "Reportes", "..\Reportes\Reportes.csproj", "{27662C64-94B6-470D-9B71-EA07BF4C91C3}"
EndProject
Global
	GlobalSection(SolutionConfigurationPlatforms) = preSolution
		Debug|Any CPU = Debug|Any CPU
		Release|Any CPU = Release|Any CPU
	EndGlobalSection
	GlobalSection(ProjectConfigurationPlatforms) = postSolution
		{2D0458D3-F746-4AD2-8590-7F69142D8BB7}.Debug|Any CPU.ActiveCfg = Debug|Any CPU
		{2D0458D3-F746-4AD2-8590-7F69142D8BB7}.Debug|Any CPU.Build.0 = Debug|Any CPU
		{2D0458D3-F746-4AD2-8590-7F69142D8BB7}.Release|Any CPU.ActiveCfg = Release|Any CPU
		{2D0458D3-F746-4AD2-8590-7F69142D8BB7}.Release|Any CPU.Build.0 = Release|Any CPU
		{2BCE2CC6-7734-4047-BC3A-291A12F9DF19}.Debug|Any CPU.ActiveCfg = Debug|Any CPU
		{2BCE2CC6-7734-4047-BC3A-291A12F9DF19}.Debug|Any CPU.Build.0 = Debug|Any CPU
		{2BCE2CC6-7734-4047-BC3A-291A12F9DF19}.Release|Any CPU.ActiveCfg = Release|Any CPU
		{2BCE2CC6-7734-4047-BC3A-291A12F9DF19}.Release|Any CPU.Build.0 = Release|Any CPU
		{94738F83-3FC1-481E-8C17-C2FEAA0E8EC0}.Debug|Any CPU.ActiveCfg = Debug|Any CPU
		{94738F83-3FC1-481E-8C17-C2FEAA0E8EC0}.Debug|Any CPU.Build.0 = Debug|Any CPU
		{94738F83-3FC1-481E-8C17-C2FEAA0E8EC0}.Release|Any CPU.ActiveCfg = Release|Any CPU
		{94738F83-3FC1-481E-8C17-C2FEAA0E8EC0}.Release|Any CPU.Build.0 = Release|Any CPU
		{27662C64-94B6-470D-9B71-EA07BF4C91C3}.Debug|Any CPU.ActiveCfg = Debug|Any CPU
		{27662C64-94B6-470D-9B71-EA07BF4C91C3}.Debug|Any CPU.Build.0 = Debug|Any CPU
		{27662C64-94B6-470D-9B71-EA07BF4C91C3}.Release|Any CPU.ActiveCfg = Release|Any CPU
		{27662C64-94B6-470D-9B71-EA07BF4C91C3}.Release|Any CPU.Build.0 = Release|Any CPU
	EndGlobalSection
	GlobalSection(SolutionProperties) = preSolution
		HideSolutionNode = FALSE
	EndGlobalSection
	GlobalSection(ExtensibilityGlobals) = postSolution
		SolutionGuid = {EFA89386-1E5C-4D0A-A505-3A6A257D4D75}
	EndGlobalSection
EndGlobal
